// !$*UTF8*$!
{
	archiveVersion = 1;
	classes = {
	};
	objectVersion = 50;
	objects = {

/* Begin PBXBuildFile section */
		D81BF92124DC34400037FBFE /* AppDelegate.swift in Sources */ = {isa = PBXBuildFile; fileRef = D81BF92024DC34400037FBFE /* AppDelegate.swift */; };
		D81BF92324DC34400037FBFE /* SceneDelegate.swift in Sources */ = {isa = PBXBuildFile; fileRef = D81BF92224DC34400037FBFE /* SceneDelegate.swift */; };
		D81BF92524DC34400037FBFE /* CurrentLocationViewController.swift in Sources */ = {isa = PBXBuildFile; fileRef = D81BF92424DC34400037FBFE /* CurrentLocationViewController.swift */; };
		D81BF92A24DC34400037FBFE /* Main.storyboard in Resources */ = {isa = PBXBuildFile; fileRef = D81BF92824DC34400037FBFE /* Main.storyboard */; };
		D81BF92C24DC34410037FBFE /* Assets.xcassets in Resources */ = {isa = PBXBuildFile; fileRef = D81BF92B24DC34410037FBFE /* Assets.xcassets */; };
		D81BF92F24DC34410037FBFE /* LaunchScreen.storyboard in Resources */ = {isa = PBXBuildFile; fileRef = D81BF92D24DC34410037FBFE /* LaunchScreen.storyboard */; };
		D8A1B14224EAC944008F6F77 /* Functions.swift in Sources */ = {isa = PBXBuildFile; fileRef = D8A1B14124EAC944008F6F77 /* Functions.swift */; };
		D8A1B14524EAE410008F6F77 /* DataModel.xcdatamodeld in Sources */ = {isa = PBXBuildFile; fileRef = D8A1B14324EAE410008F6F77 /* DataModel.xcdatamodeld */; };
		D8A1B14824EAF17F008F6F77 /* Location+CoreDataClass.swift in Sources */ = {isa = PBXBuildFile; fileRef = D8A1B14624EAF17F008F6F77 /* Location+CoreDataClass.swift */; };
		D8A1B14924EAF17F008F6F77 /* Location+CoreDataProperties.swift in Sources */ = {isa = PBXBuildFile; fileRef = D8A1B14724EAF17F008F6F77 /* Location+CoreDataProperties.swift */; };
		D8A1B14B24EEB1EC008F6F77 /* LocationsViewController.swift in Sources */ = {isa = PBXBuildFile; fileRef = D8A1B14A24EEB1EC008F6F77 /* LocationsViewController.swift */; };
		D8A1B14D24EFDD98008F6F77 /* LocationCell.swift in Sources */ = {isa = PBXBuildFile; fileRef = D8A1B14C24EFDD98008F6F77 /* LocationCell.swift */; };
		D8A1B14F24F41ADF008F6F77 /* MapViewController.swift in Sources */ = {isa = PBXBuildFile; fileRef = D8A1B14E24F41ADF008F6F77 /* MapViewController.swift */; };
		D8A1B15124FE5AEE008F6F77 /* UIImage+Resize.swift in Sources */ = {isa = PBXBuildFile; fileRef = D8A1B15024FE5AEE008F6F77 /* UIImage+Resize.swift */; };
		D8AC81EF24E169D700D633E8 /* LocationDetailsViewController.swift in Sources */ = {isa = PBXBuildFile; fileRef = D8AC81EE24E169D700D633E8 /* LocationDetailsViewController.swift */; };
		D8AC81F124E23F7E00D633E8 /* CategoryPickerViewController.swift in Sources */ = {isa = PBXBuildFile; fileRef = D8AC81F024E23F7E00D633E8 /* CategoryPickerViewController.swift */; };
		D8AC81F324E3FD6C00D633E8 /* HudView.swift in Sources */ = {isa = PBXBuildFile; fileRef = D8AC81F224E3FD6C00D633E8 /* HudView.swift */; };
/* End PBXBuildFile section */

/* Begin PBXFileReference section */
		D81BF91D24DC34400037FBFE /* MyLocations.app */ = {isa = PBXFileReference; explicitFileType = wrapper.application; includeInIndex = 0; path = MyLocations.app; sourceTree = BUILT_PRODUCTS_DIR; };
		D81BF92024DC34400037FBFE /* AppDelegate.swift */ = {isa = PBXFileReference; lastKnownFileType = sourcecode.swift; path = AppDelegate.swift; sourceTree = "<group>"; };
		D81BF92224DC34400037FBFE /* SceneDelegate.swift */ = {isa = PBXFileReference; lastKnownFileType = sourcecode.swift; path = SceneDelegate.swift; sourceTree = "<group>"; };
		D81BF92424DC34400037FBFE /* CurrentLocationViewController.swift */ = {isa = PBXFileReference; lastKnownFileType = sourcecode.swift; path = CurrentLocationViewController.swift; sourceTree = "<group>"; };
		D81BF92924DC34400037FBFE /* Base */ = {isa = PBXFileReference; lastKnownFileType = file.storyboard; name = Base; path = Base.lproj/Main.storyboard; sourceTree = "<group>"; };
		D81BF92B24DC34410037FBFE /* Assets.xcassets */ = {isa = PBXFileReference; lastKnownFileType = folder.assetcatalog; path = Assets.xcassets; sourceTree = "<group>"; };
		D81BF92E24DC34410037FBFE /* Base */ = {isa = PBXFileReference; lastKnownFileType = file.storyboard; name = Base; path = Base.lproj/LaunchScreen.storyboard; sourceTree = "<group>"; };
		D81BF93024DC34410037FBFE /* Info.plist */ = {isa = PBXFileReference; lastKnownFileType = text.plist.xml; path = Info.plist; sourceTree = "<group>"; };
		D8A1B14124EAC944008F6F77 /* Functions.swift */ = {isa = PBXFileReference; lastKnownFileType = sourcecode.swift; path = Functions.swift; sourceTree = "<group>"; };
		D8A1B14424EAE410008F6F77 /* DataModel.xcdatamodel */ = {isa = PBXFileReference; lastKnownFileType = wrapper.xcdatamodel; path = DataModel.xcdatamodel; sourceTree = "<group>"; };
		D8A1B14624EAF17F008F6F77 /* Location+CoreDataClass.swift */ = {isa = PBXFileReference; lastKnownFileType = sourcecode.swift; name = "Location+CoreDataClass.swift"; path = "MyLocations/Location+CoreDataClass.swift"; sourceTree = "<group>"; };
		D8A1B14724EAF17F008F6F77 /* Location+CoreDataProperties.swift */ = {isa = PBXFileReference; lastKnownFileType = sourcecode.swift; name = "Location+CoreDataProperties.swift"; path = "MyLocations/Location+CoreDataProperties.swift"; sourceTree = "<group>"; };
		D8A1B14A24EEB1EC008F6F77 /* LocationsViewController.swift */ = {isa = PBXFileReference; lastKnownFileType = sourcecode.swift; path = LocationsViewController.swift; sourceTree = "<group>"; };
		D8A1B14C24EFDD98008F6F77 /* LocationCell.swift */ = {isa = PBXFileReference; lastKnownFileType = sourcecode.swift; path = LocationCell.swift; sourceTree = "<group>"; };
		D8A1B14E24F41ADF008F6F77 /* MapViewController.swift */ = {isa = PBXFileReference; lastKnownFileType = sourcecode.swift; path = MapViewController.swift; sourceTree = "<group>"; };
		D8A1B15024FE5AEE008F6F77 /* UIImage+Resize.swift */ = {isa = PBXFileReference; lastKnownFileType = sourcecode.swift; path = "UIImage+Resize.swift"; sourceTree = "<group>"; };
		D8AC81EE24E169D700D633E8 /* LocationDetailsViewController.swift */ = {isa = PBXFileReference; lastKnownFileType = sourcecode.swift; path = LocationDetailsViewController.swift; sourceTree = "<group>"; };
		D8AC81F024E23F7E00D633E8 /* CategoryPickerViewController.swift */ = {isa = PBXFileReference; lastKnownFileType = sourcecode.swift; path = CategoryPickerViewController.swift; sourceTree = "<group>"; };
		D8AC81F224E3FD6C00D633E8 /* HudView.swift */ = {isa = PBXFileReference; lastKnownFileType = sourcecode.swift; path = HudView.swift; sourceTree = "<group>"; };
/* End PBXFileReference section */

/* Begin PBXFrameworksBuildPhase section */
		D81BF91A24DC34400037FBFE /* Frameworks */ = {
			isa = PBXFrameworksBuildPhase;
			buildActionMask = 2147483647;
			files = (
			);
			runOnlyForDeploymentPostprocessing = 0;
		};
/* End PBXFrameworksBuildPhase section */

/* Begin PBXGroup section */
		D81BF91424DC34400037FBFE = {
			isa = PBXGroup;
			children = (
				D8A1B14624EAF17F008F6F77 /* Location+CoreDataClass.swift */,
				D8A1B14724EAF17F008F6F77 /* Location+CoreDataProperties.swift */,
				D81BF91F24DC34400037FBFE /* MyLocations */,
				D81BF91E24DC34400037FBFE /* Products */,
			);
			sourceTree = "<group>";
		};
		D81BF91E24DC34400037FBFE /* Products */ = {
			isa = PBXGroup;
			children = (
				D81BF91D24DC34400037FBFE /* MyLocations.app */,
			);
			name = Products;
			sourceTree = "<group>";
		};
		D81BF91F24DC34400037FBFE /* MyLocations */ = {
			isa = PBXGroup;
			children = (
				D81BF92024DC34400037FBFE /* AppDelegate.swift */,
				D81BF92224DC34400037FBFE /* SceneDelegate.swift */,
				D81BF92424DC34400037FBFE /* CurrentLocationViewController.swift */,
				D8AC81EE24E169D700D633E8 /* LocationDetailsViewController.swift */,
				D8AC81F024E23F7E00D633E8 /* CategoryPickerViewController.swift */,
				D8AC81F224E3FD6C00D633E8 /* HudView.swift */,
				D8A1B14124EAC944008F6F77 /* Functions.swift */,
				D8A1B14A24EEB1EC008F6F77 /* LocationsViewController.swift */,
				D8A1B14C24EFDD98008F6F77 /* LocationCell.swift */,
				D8A1B14E24F41ADF008F6F77 /* MapViewController.swift */,
				D8A1B15024FE5AEE008F6F77 /* UIImage+Resize.swift */,
				D8A1B14324EAE410008F6F77 /* DataModel.xcdatamodeld */,
				D81BF92824DC34400037FBFE /* Main.storyboard */,
				D81BF92B24DC34410037FBFE /* Assets.xcassets */,
				D81BF92D24DC34410037FBFE /* LaunchScreen.storyboard */,
				D81BF93024DC34410037FBFE /* Info.plist */,
			);
			path = MyLocations;
			sourceTree = "<group>";
		};
/* End PBXGroup section */

/* Begin PBXNativeTarget section */
		D81BF91C24DC34400037FBFE /* MyLocations */ = {
			isa = PBXNativeTarget;
			buildConfigurationList = D81BF93324DC34410037FBFE /* Build configuration list for PBXNativeTarget "MyLocations" */;
			buildPhases = (
				D81BF91924DC34400037FBFE /* Sources */,
				D81BF91A24DC34400037FBFE /* Frameworks */,
				D81BF91B24DC34400037FBFE /* Resources */,
			);
			buildRules = (
			);
			dependencies = (
			);
			name = MyLocations;
			productName = MyLocations;
			productReference = D81BF91D24DC34400037FBFE /* MyLocations.app */;
			productType = "com.apple.product-type.application";
		};
/* End PBXNativeTarget section */

/* Begin PBXProject section */
		D81BF91524DC34400037FBFE /* Project object */ = {
			isa = PBXProject;
			attributes = {
				LastSwiftUpdateCheck = 1160;
				LastUpgradeCheck = 1160;
				ORGANIZATIONNAME = "Joe K.";
				TargetAttributes = {
					D81BF91C24DC34400037FBFE = {
						CreatedOnToolsVersion = 11.6;
					};
				};
			};
			buildConfigurationList = D81BF91824DC34400037FBFE /* Build configuration list for PBXProject "MyLocations" */;
			compatibilityVersion = "Xcode 9.3";
			developmentRegion = en;
			hasScannedForEncodings = 0;
			knownRegions = (
				en,
				Base,
			);
			mainGroup = D81BF91424DC34400037FBFE;
			productRefGroup = D81BF91E24DC34400037FBFE /* Products */;
			projectDirPath = "";
			projectRoot = "";
			targets = (
				D81BF91C24DC34400037FBFE /* MyLocations */,
			);
		};
/* End PBXProject section */

/* Begin PBXResourcesBuildPhase section */
		D81BF91B24DC34400037FBFE /* Resources */ = {
			isa = PBXResourcesBuildPhase;
			buildActionMask = 2147483647;
			files = (
				D81BF92F24DC34410037FBFE /* LaunchScreen.storyboard in Resources */,
				D81BF92C24DC34410037FBFE /* Assets.xcassets in Resources */,
				D81BF92A24DC34400037FBFE /* Main.storyboard in Resources */,
			);
			runOnlyForDeploymentPostprocessing = 0;
		};
/* End PBXResourcesBuildPhase section */

/* Begin PBXSourcesBuildPhase section */
		D81BF91924DC34400037FBFE /* Sources */ = {
			isa = PBXSourcesBuildPhase;
			buildActionMask = 2147483647;
			files = (
				D8AC81F124E23F7E00D633E8 /* CategoryPickerViewController.swift in Sources */,
				D8A1B14924EAF17F008F6F77 /* Location+CoreDataProperties.swift in Sources */,
				D81BF92524DC34400037FBFE /* CurrentLocationViewController.swift in Sources */,
				D8A1B14224EAC944008F6F77 /* Functions.swift in Sources */,
				D8A1B14B24EEB1EC008F6F77 /* LocationsViewController.swift in Sources */,
				D81BF92124DC34400037FBFE /* AppDelegate.swift in Sources */,
				D8A1B14F24F41ADF008F6F77 /* MapViewController.swift in Sources */,
				D8A1B15124FE5AEE008F6F77 /* UIImage+Resize.swift in Sources */,
				D8A1B14D24EFDD98008F6F77 /* LocationCell.swift in Sources */,
				D81BF92324DC34400037FBFE /* SceneDelegate.swift in Sources */,
				D8A1B14524EAE410008F6F77 /* DataModel.xcdatamodeld in Sources */,
				D8AC81F324E3FD6C00D633E8 /* HudView.swift in Sources */,
				D8A1B14824EAF17F008F6F77 /* Location+CoreDataClass.swift in Sources */,
				D8AC81EF24E169D700D633E8 /* LocationDetailsViewController.swift in Sources */,
			);
			runOnlyForDeploymentPostprocessing = 0;
		};
/* End PBXSourcesBuildPhase section */

/* Begin PBXVariantGroup section */
		D81BF92824DC34400037FBFE /* Main.storyboard */ = {
			isa = PBXVariantGroup;
			children = (
				D81BF92924DC34400037FBFE /* Base */,
			);
			name = Main.storyboard;
			sourceTree = "<group>";
		};
		D81BF92D24DC34410037FBFE /* LaunchScreen.storyboard */ = {
			isa = PBXVariantGroup;
			children = (
				D81BF92E24DC34410037FBFE /* Base */,
			);
			name = LaunchScreen.storyboard;
			sourceTree = "<group>";
		};
/* End PBXVariantGroup section */

/* Begin XCBuildConfiguration section */
		D81BF93124DC34410037FBFE /* Debug */ = {
			isa = XCBuildConfiguration;
			buildSettings = {
				ALWAYS_SEARCH_USER_PATHS = NO;
				CLANG_ANALYZER_NONNULL = YES;
				CLANG_ANALYZER_NUMBER_OBJECT_CONVERSION = YES_AGGRESSIVE;
				CLANG_CXX_LANGUAGE_STANDARD = "gnu++14";
				CLANG_CXX_LIBRARY = "libc++";
				CLANG_ENABLE_MODULES = YES;
				CLANG_ENABLE_OBJC_ARC = YES;
				CLANG_ENABLE_OBJC_WEAK = YES;
				CLANG_WARN_BLOCK_CAPTURE_AUTORELEASING = YES;
				CLANG_WARN_BOOL_CONVERSION = YES;
				CLANG_WARN_COMMA = YES;
				CLANG_WARN_CONSTANT_CONVERSION = YES;
				CLANG_WARN_DEPRECATED_OBJC_IMPLEMENTATIONS = YES;
				CLANG_WARN_DIRECT_OBJC_ISA_USAGE = YES_ERROR;
				CLANG_WARN_DOCUMENTATION_COMMENTS = YES;
				CLANG_WARN_EMPTY_BODY = YES;
				CLANG_WARN_ENUM_CONVERSION = YES;
				CLANG_WARN_INFINITE_RECURSION = YES;
				CLANG_WARN_INT_CONVERSION = YES;
				CLANG_WARN_NON_LITERAL_NULL_CONVERSION = YES;
				CLANG_WARN_OBJC_IMPLICIT_RETAIN_SELF = YES;
				CLANG_WARN_OBJC_LITERAL_CONVERSION = YES;
				CLANG_WARN_OBJC_ROOT_CLASS = YES_ERROR;
				CLANG_WARN_RANGE_LOOP_ANALYSIS = YES;
				CLANG_WARN_STRICT_PROTOTYPES = YES;
				CLANG_WARN_SUSPICIOUS_MOVE = YES;
				CLANG_WARN_UNGUARDED_AVAILABILITY = YES_AGGRESSIVE;
				CLANG_WARN_UNREACHABLE_CODE = YES;
				CLANG_WARN__DUPLICATE_METHOD_MATCH = YES;
				COPY_PHASE_STRIP = NO;
				DEBUG_INFORMATION_FORMAT = dwarf;
				ENABLE_STRICT_OBJC_MSGSEND = YES;
				ENABLE_TESTABILITY = YES;
				GCC_C_LANGUAGE_STANDARD = gnu11;
				GCC_DYNAMIC_NO_PIC = NO;
				GCC_NO_COMMON_BLOCKS = YES;
				GCC_OPTIMIZATION_LEVEL = 0;
				GCC_PREPROCESSOR_DEFINITIONS = (
					"DEBUG=1",
					"$(inherited)",
				);
				GCC_WARN_64_TO_32_BIT_CONVERSION = YES;
				GCC_WARN_ABOUT_RETURN_TYPE = YES_ERROR;
				GCC_WARN_UNDECLARED_SELECTOR = YES;
				GCC_WARN_UNINITIALIZED_AUTOS = YES_AGGRESSIVE;
				GCC_WARN_UNUSED_FUNCTION = YES;
				GCC_WARN_UNUSED_VARIABLE = YES;
				IPHONEOS_DEPLOYMENT_TARGET = 13.6;
				MTL_ENABLE_DEBUG_INFO = INCLUDE_SOURCE;
				MTL_FAST_MATH = YES;
				ONLY_ACTIVE_ARCH = YES;
				SDKROOT = iphoneos;
				SWIFT_ACTIVE_COMPILATION_CONDITIONS = DEBUG;
				SWIFT_OPTIMIZATION_LEVEL = "-Onone";
			};
			name = Debug;
		};
		D81BF93224DC34410037FBFE /* Release */ = {
			isa = XCBuildConfiguration;
			buildSettings = {
				ALWAYS_SEARCH_USER_PATHS = NO;
				CLANG_ANALYZER_NONNULL = YES;
				CLANG_ANALYZER_NUMBER_OBJECT_CONVERSION = YES_AGGRESSIVE;
				CLANG_CXX_LANGUAGE_STANDARD = "gnu++14";
				CLANG_CXX_LIBRARY = "libc++";
				CLANG_ENABLE_MODULES = YES;
				CLANG_ENABLE_OBJC_ARC = YES;
				CLANG_ENABLE_OBJC_WEAK = YES;
				CLANG_WARN_BLOCK_CAPTURE_AUTORELEASING = YES;
				CLANG_WARN_BOOL_CONVERSION = YES;
				CLANG_WARN_COMMA = YES;
				CLANG_WARN_CONSTANT_CONVERSION = YES;
				CLANG_WARN_DEPRECATED_OBJC_IMPLEMENTATIONS = YES;
				CLANG_WARN_DIRECT_OBJC_ISA_USAGE = YES_ERROR;
				CLANG_WARN_DOCUMENTATION_COMMENTS = YES;
				CLANG_WARN_EMPTY_BODY = YES;
				CLANG_WARN_ENUM_CONVERSION = YES;
				CLANG_WARN_INFINITE_RECURSION = YES;
				CLANG_WARN_INT_CONVERSION = YES;
				CLANG_WARN_NON_LITERAL_NULL_CONVERSION = YES;
				CLANG_WARN_OBJC_IMPLICIT_RETAIN_SELF = YES;
				CLANG_WARN_OBJC_LITERAL_CONVERSION = YES;
				CLANG_WARN_OBJC_ROOT_CLASS = YES_ERROR;
				CLANG_WARN_RANGE_LOOP_ANALYSIS = YES;
				CLANG_WARN_STRICT_PROTOTYPES = YES;
				CLANG_WARN_SUSPICIOUS_MOVE = YES;
				CLANG_WARN_UNGUARDED_AVAILABILITY = YES_AGGRESSIVE;
				CLANG_WARN_UNREACHABLE_CODE = YES;
				CLANG_WARN__DUPLICATE_METHOD_MATCH = YES;
				COPY_PHASE_STRIP = NO;
				DEBUG_INFORMATION_FORMAT = "dwarf-with-dsym";
				ENABLE_NS_ASSERTIONS = NO;
				ENABLE_STRICT_OBJC_MSGSEND = YES;
				GCC_C_LANGUAGE_STANDARD = gnu11;
				GCC_NO_COMMON_BLOCKS = YES;
				GCC_WARN_64_TO_32_BIT_CONVERSION = YES;
				GCC_WARN_ABOUT_RETURN_TYPE = YES_ERROR;
				GCC_WARN_UNDECLARED_SELECTOR = YES;
				GCC_WARN_UNINITIALIZED_AUTOS = YES_AGGRESSIVE;
				GCC_WARN_UNUSED_FUNCTION = YES;
				GCC_WARN_UNUSED_VARIABLE = YES;
				IPHONEOS_DEPLOYMENT_TARGET = 13.6;
				MTL_ENABLE_DEBUG_INFO = NO;
				MTL_FAST_MATH = YES;
				SDKROOT = iphoneos;
				SWIFT_COMPILATION_MODE = wholemodule;
				SWIFT_OPTIMIZATION_LEVEL = "-O";
				VALIDATE_PRODUCT = YES;
			};
			name = Release;
		};
		D81BF93424DC34410037FBFE /* Debug */ = {
			isa = XCBuildConfiguration;
			buildSettings = {
				ASSETCATALOG_COMPILER_APPICON_NAME = AppIcon;
				CODE_SIGN_STYLE = Automatic;
				DEVELOPMENT_TEAM = Q5CYH8RVUS;
				INFOPLIST_FILE = MyLocations/Info.plist;
				LD_RUNPATH_SEARCH_PATHS = (
					"$(inherited)",
					"@executable_path/Frameworks",
				);
				PRODUCT_BUNDLE_IDENTIFIER = com.joe3524.MyLocations;
				PRODUCT_NAME = "$(TARGET_NAME)";
				SWIFT_VERSION = 5.0;
				TARGETED_DEVICE_FAMILY = "1,2";
			};
			name = Debug;
		};
		D81BF93524DC34410037FBFE /* Release */ = {
			isa = XCBuildConfiguration;
			buildSettings = {
				ASSETCATALOG_COMPILER_APPICON_NAME = AppIcon;
				CODE_SIGN_STYLE = Automatic;
				DEVELOPMENT_TEAM = Q5CYH8RVUS;
				INFOPLIST_FILE = MyLocations/Info.plist;
				LD_RUNPATH_SEARCH_PATHS = (
					"$(inherited)",
					"@executable_path/Frameworks",
				);
				PRODUCT_BUNDLE_IDENTIFIER = com.joe3524.MyLocations;
				PRODUCT_NAME = "$(TARGET_NAME)";
				SWIFT_VERSION = 5.0;
				TARGETED_DEVICE_FAMILY = "1,2";
			};
			name = Release;
		};
/* End XCBuildConfiguration section */

/* Begin XCConfigurationList section */
		D81BF91824DC34400037FBFE /* Build configuration list for PBXProject "MyLocations" */ = {
			isa = XCConfigurationList;
			buildConfigurations = (
				D81BF93124DC34410037FBFE /* Debug */,
				D81BF93224DC34410037FBFE /* Release */,
			);
			defaultConfigurationIsVisible = 0;
			defaultConfigurationName = Release;
		};
		D81BF93324DC34410037FBFE /* Build configuration list for PBXNativeTarget "MyLocations" */ = {
			isa = XCConfigurationList;
			buildConfigurations = (
				D81BF93424DC34410037FBFE /* Debug */,
				D81BF93524DC34410037FBFE /* Release */,
			);
			defaultConfigurationIsVisible = 0;
			defaultConfigurationName = Release;
		};
/* End XCConfigurationList section */

/* Begin XCVersionGroup section */
		D8A1B14324EAE410008F6F77 /* DataModel.xcdatamodeld */ = {
			isa = XCVersionGroup;
			children = (
				D8A1B14424EAE410008F6F77 /* DataModel.xcdatamodel */,
			);
			currentVersion = D8A1B14424EAE410008F6F77 /* DataModel.xcdatamodel */;
			path = DataModel.xcdatamodeld;
			sourceTree = "<group>";
			versionGroupType = wrapper.xcdatamodel;
		};
/* End XCVersionGroup section */
	};
	rootObject = D81BF91524DC34400037FBFE /* Project object */;
}
